<?xml version="1.0" encoding="utf-8"?>
<Project ToolsVersion="16.0" xmlns="http://schemas.microsoft.com/developer/msbuild/2003">
  <ItemGroup>
    <ClCompile Include="Source\BulletPatterns\BulletPattern.cpp">
      <Filter>Source\BulletPatterns</Filter>
    </ClCompile>
    <ClCompile Include="Source\BulletPatterns\BulletPattern00.cpp">
      <Filter>Source\BulletPatterns</Filter>
    </ClCompile>
    <ClCompile Include="Source\BulletPatterns\BulletPattern01.cpp">
      <Filter>Source\BulletPatterns</Filter>
    </ClCompile>
    <ClCompile Include="Source\BulletPatterns\BulletPattern02.cpp">
      <Filter>Source\BulletPatterns</Filter>
    </ClCompile>
    <ClCompile Include="Source\BulletPatterns\BulletPattern99.cpp">
      <Filter>Source\BulletPatterns</Filter>
    </ClCompile>
    <ClCompile Include="Source\GameObjects\Bullet.cpp">
      <Filter>Source\GameObjects</Filter>
    </ClCompile>
    <ClCompile Include="Source\GameObjects\Enemy.cpp">
      <Filter>Source\GameObjects</Filter>
    </ClCompile>
    <ClCompile Include="Source\GameObjects\EnemyHpBar.cpp">
      <Filter>Source\GameObjects</Filter>
    </ClCompile>
    <ClCompile Include="Source\GameObjects\GameObject.cpp">
      <Filter>Source\GameObjects</Filter>
    </ClCompile>
    <ClCompile Include="Source\GameObjects\Laser.cpp">
      <Filter>Source\GameObjects</Filter>
    </ClCompile>
    <ClCompile Include="Source\GameObjects\Player.cpp">
      <Filter>Source\GameObjects</Filter>
    </ClCompile>
    <ClCompile Include="Source\GameObjects\PlayerBullet.cpp">
      <Filter>Source\GameObjects</Filter>
    </ClCompile>
    <ClCompile Include="Source\HelperClasses\KeyboardManager.cpp">
      <Filter>Source\HelperClasses</Filter>
    </ClCompile>
    <ClCompile Include="Source\HelperClasses\MyMenu.cpp">
      <Filter>Source\HelperClasses</Filter>
    </ClCompile>
    <ClCompile Include="Source\HelperClasses\MyMenuItem.cpp">
      <Filter>Source\HelperClasses</Filter>
    </ClCompile>
    <ClCompile Include="Source\HelperClasses\PatternName.cpp">
      <Filter>Source\HelperClasses</Filter>
    </ClCompile>
    <ClCompile Include="Source\HelperClasses\Settings.cpp">
      <Filter>Source\HelperClasses</Filter>
    </ClCompile>
    <ClCompile Include="Source\Main\AppDelegate.cpp">
      <Filter>Source\Main</Filter>
    </ClCompile>
    <ClCompile Include="Source\Scenes\GameOver.cpp">
      <Filter>Source\Scenes</Filter>
    </ClCompile>
    <ClCompile Include="Source\Scenes\GameScene.cpp">
      <Filter>Source\Scenes</Filter>
    </ClCompile>
    <ClCompile Include="Source\Scenes\MainMenu.cpp">
      <Filter>Source\Scenes</Filter>
    </ClCompile>
    <ClCompile Include="Source\Scenes\PauseScene.cpp">
      <Filter>Source\Scenes</Filter>
    </ClCompile>
    <ClCompile Include="Source\Scenes\SettingsMenu.cpp">
      <Filter>Source\Scenes</Filter>
    </ClCompile>
    <ClCompile Include="Source\Scenes\SpellPracticeMenu.cpp">
      <Filter>Source\Scenes</Filter>
    </ClCompile>
    <ClCompile Include="Source\Main\Main.cpp">
      <Filter>Source\Main</Filter>
    </ClCompile>
    <ClCompile Include="Source\HelperClasses\Score.cpp">
      <Filter>Source\HelperClasses</Filter>
    </ClCompile>
    <ClCompile Include="Source\Scenes\HighscoreScene.cpp">
      <Filter>Source\Scenes</Filter>
    </ClCompile>
    <ClCompile Include="Source\HelperClasses\HighscoreLoader.cpp">
      <Filter>Source\Scenes</Filter>
    </ClCompile>
  </ItemGroup>
  <ItemGroup>
    <ClInclude Include="Source\BulletPatterns\BulletPattern.h">
      <Filter>Source\BulletPatterns</Filter>
    </ClInclude>
    <ClInclude Include="Source\BulletPatterns\BulletPattern00.h">
      <Filter>Source\BulletPatterns</Filter>
    </ClInclude>
    <ClInclude Include="Source\BulletPatterns\BulletPattern01.h">
      <Filter>Source\BulletPatterns</Filter>
    </ClInclude>
    <ClInclude Include="Source\BulletPatterns\BulletPattern02.h">
      <Filter>Source\BulletPatterns</Filter>
    </ClInclude>
    <ClInclude Include="Source\BulletPatterns\BulletPattern99.h">
      <Filter>Source\BulletPatterns</Filter>
    </ClInclude>
    <ClInclude Include="Source\GameObjects\Bullet.h">
      <Filter>Source\GameObjects</Filter>
    </ClInclude>
    <ClInclude Include="Source\GameObjects\Enemy.h">
      <Filter>Source\GameObjects</Filter>
    </ClInclude>
    <ClInclude Include="Source\GameObjects\EnemyHpBar.h">
      <Filter>Source\GameObjects</Filter>
    </ClInclude>
    <ClInclude Include="Source\GameObjects\GameObject.h">
      <Filter>Source\GameObjects</Filter>
    </ClInclude>
    <ClInclude Include="Source\GameObjects\Laser.h">
      <Filter>Source\GameObjects</Filter>
    </ClInclude>
    <ClInclude Include="Source\GameObjects\Player.h">
      <Filter>Source\GameObjects</Filter>
    </ClInclude>
    <ClInclude Include="Source\GameObjects\PlayerBullet.h">
      <Filter>Source\GameObjects</Filter>
    </ClInclude>
    <ClInclude Include="Source\HelperClasses\KeyboardManager.h">
      <Filter>Source\HelperClasses</Filter>
    </ClInclude>
    <ClInclude Include="Source\HelperClasses\MyMenu.h">
      <Filter>Source\HelperClasses</Filter>
    </ClInclude>
    <ClInclude Include="Source\HelperClasses\MyMenuItem.h">
      <Filter>Source\HelperClasses</Filter>
    </ClInclude>
    <ClInclude Include="Source\HelperClasses\PatternName.h">
      <Filter>Source\HelperClasses</Filter>
    </ClInclude>
    <ClInclude Include="Source\HelperClasses\Settings.h">
      <Filter>Source\HelperClasses</Filter>
    </ClInclude>
    <ClInclude Include="Source\Main\AppDelegate.h">
      <Filter>Source\Main</Filter>
    </ClInclude>
    <ClInclude Include="Source\Scenes\GameOver.h">
      <Filter>Source\Scenes</Filter>
    </ClInclude>
    <ClInclude Include="Source\Scenes\GameScene.h">
      <Filter>Source\Scenes</Filter>
    </ClInclude>
    <ClInclude Include="Source\Scenes\MainMenu.h">
      <Filter>Source\Scenes</Filter>
    </ClInclude>
    <ClInclude Include="Source\Scenes\PauseScene.h">
      <Filter>Source\Scenes</Filter>
    </ClInclude>
    <ClInclude Include="Source\Scenes\SettingsMenu.h">
      <Filter>Source\Scenes</Filter>
    </ClInclude>
    <ClInclude Include="Source\Scenes\SpellPracticeMenu.h">
      <Filter>Source\Scenes</Filter>
    </ClInclude>
    <ClInclude Include="Source\Main\Main.h">
      <Filter>Source\Main</Filter>
    </ClInclude>
    <ClInclude Include="Source\HelperClasses\Score.h">
      <Filter>Source\HelperClasses</Filter>
    </ClInclude>
    <ClInclude Include="Source\Scenes\HighscoreScene.h">
      <Filter>Source\Scenes</Filter>
    </ClInclude>
    <ClInclude Include="Source\HelperClasses\HighscoreLoader.h">
      <Filter>Source\Scenes</Filter>
    </ClInclude>
  </ItemGroup>
  <ItemGroup>
    <Filter Include="Resources">
      <UniqueIdentifier>{dd533627-6215-477d-b98b-37299757ca4b}</UniqueIdentifier>
    </Filter>
    <Filter Include="Resources\fonts">
      <UniqueIdentifier>{41326c17-afb7-4cf3-a60f-4b5ec80a36d2}</UniqueIdentifier>
    </Filter>
    <Filter Include="Resources\sprites">
      <UniqueIdentifier>{08eee430-b5b2-414e-92aa-07352b1cc927}</UniqueIdentifier>
    </Filter>
    <Filter Include="Resources\sounds">
      <UniqueIdentifier>{ab92b9c1-2b87-4e1c-aee2-1693931f4f79}</UniqueIdentifier>
    </Filter>
    <Filter Include="Source">
      <UniqueIdentifier>{24771d21-351c-4980-be56-7080cdb9780b}</UniqueIdentifier>
    </Filter>
    <Filter Include="Source\BulletPatterns">
      <UniqueIdentifier>{ad52909a-363a-4d73-99fa-76607f5a1487}</UniqueIdentifier>
    </Filter>
    <Filter Include="Source\GameObjects">
      <UniqueIdentifier>{130b24a9-cc1d-4a08-88c0-e09fe164c2c3}</UniqueIdentifier>
    </Filter>
    <Filter Include="Source\HelperClasses">
      <UniqueIdentifier>{4b44b1cc-75d7-4b50-a7f1-4852df29fc3f}</UniqueIdentifier>
    </Filter>
    <Filter Include="Source\Main">
      <UniqueIdentifier>{f2ab434c-ab42-4e19-96ee-83b8c83803f1}</UniqueIdentifier>
    </Filter>
    <Filter Include="Source\Scenes">
      <UniqueIdentifier>{6ef1f30a-4ea3-4256-bea3-58dead8d825e}</UniqueIdentifier>
    </Filter>
  </ItemGroup>
  <ItemGroup>
    <Font Include="Resources\fonts\arial.ttf">
      <Filter>Resources\fonts</Filter>
    </Font>
    <Font Include="Resources\fonts\Marker Felt.ttf">
      <Filter>Resources\fonts</Filter>
    </Font>
  </ItemGroup>
  <ItemGroup>
    <Media Include="Resources\sounds\back.mp3">
      <Filter>Resources\sounds</Filter>
    </Media>
    <Media Include="Resources\sounds\bullet_spawn.mp3">
      <Filter>Resources\sounds</Filter>
    </Media>
    <Media Include="Resources\sounds\confirm.mp3">
      <Filter>Resources\sounds</Filter>
    </Media>
    <Media Include="Resources\sounds\enemy_defeated.mp3">
      <Filter>Resources\sounds</Filter>
    </Media>
    <Media Include="Resources\sounds\enemy_hit.mp3">
      <Filter>Resources\sounds</Filter>
    </Media>
    <Media Include="Resources\sounds\enemy_hit_low_hp.mp3">
      <Filter>Resources\sounds</Filter>
    </Media>
    <Media Include="Resources\sounds\graze.mp3">
      <Filter>Resources\sounds</Filter>
    </Media>
    <Media Include="Resources\sounds\life_lost.mp3">
      <Filter>Resources\sounds</Filter>
    </Media>
    <Media Include="Resources\sounds\select.mp3">
      <Filter>Resources\sounds</Filter>
    </Media>
    <Media Include="Resources\sounds\spell_bonus.mp3">
      <Filter>Resources\sounds</Filter>
    </Media>
    <Media Include="Resources\sounds\spell_card.mp3">
      <Filter>Resources\sounds</Filter>
    </Media>
  </ItemGroup>
  <ItemGroup>
    <Image Include="Resources\sprites\arrowhead.png">
      <Filter>Resources\sprites</Filter>
    </Image>
    <Image Include="Resources\sprites\bubble.png">
      <Filter>Resources\sprites</Filter>
    </Image>
    <Image Include="Resources\sprites\butterfly.png">
      <Filter>Resources\sprites</Filter>
    </Image>
    <Image Include="Resources\sprites\damage.png">
      <Filter>Resources\sprites</Filter>
    </Image>
    <Image Include="Resources\sprites\enemy.PNG">
      <Filter>Resources\sprites</Filter>
    </Image>
    <Image Include="Resources\sprites\enemy_indicator.png">
      <Filter>Resources\sprites</Filter>
    </Image>
    <Image Include="Resources\sprites\focus.png">
      <Filter>Resources\sprites</Filter>
    </Image>
    <Image Include="Resources\sprites\hitbox.png">
      <Filter>Resources\sprites</Filter>
    </Image>
    <Image Include="Resources\sprites\laser.png">
      <Filter>Resources\sprites</Filter>
    </Image>
    <Image Include="Resources\sprites\mentos.png">
      <Filter>Resources\sprites</Filter>
    </Image>
    <Image Include="Resources\sprites\normal_bullet.png">
      <Filter>Resources\sprites</Filter>
    </Image>
    <Image Include="Resources\sprites\overlay.png">
      <Filter>Resources\sprites</Filter>
    </Image>
    <Image Include="Resources\sprites\player.png">
      <Filter>Resources\sprites</Filter>
    </Image>
    <Image Include="Resources\sprites\player_bullet.png">
      <Filter>Resources\sprites</Filter>
    </Image>
    <Image Include="Resources\sprites\spawn.png">
      <Filter>Resources\sprites</Filter>
    </Image>
    <Image Include="Resources\sprites\test_bullet.png">
      <Filter>Resources\sprites</Filter>
    </Image>
  </ItemGroup>
</Project>