
Microsoft Visual Studio Solution File, Format Version 12.00
# Visual Studio Version 16
VisualStudioVersion = 16.0.30717.126
MinimumVisualStudioVersion = 10.0.40219.1
Project("{2150E333-8FDC-42A3-9474-1A3956D46DE8}") = "Lib", "Lib", "{6E03EB93-DB62-3C6F-95B0-79F24ACFB340}"
EndProject
Project("{8BC9CEB8-8B4A-11D0-8D11-00A0C91BC942}") = "ThesisDanmaku", "ThesisDanmaku.vcxproj", "{6DBE654B-C7FC-3135-BF57-CFAD19821C25}"
	ProjectSection(ProjectDependencies) = postProject
		{9265BF14-BDF3-3BD8-8E48-930CA4514D4E} = {9265BF14-BDF3-3BD8-8E48-930CA4514D4E}
		{3E8465D8-B453-3AD8-BB9A-5F77F98FE9B4} = {3E8465D8-B453-3AD8-BB9A-5F77F98FE9B4}
		{15AB003D-E70E-3091-A6A4-03D9EE8C7FF3} = {15AB003D-E70E-3091-A6A4-03D9EE8C7FF3}
		{F4857CAF-2887-390D-B1ED-A0964C33672B} = {F4857CAF-2887-390D-B1ED-A0964C33672B}
		{E92DC054-5CF0-3787-83EE-03EEE27A27DF} = {E92DC054-5CF0-3787-83EE-03EEE27A27DF}
		{F1E4F224-921F-3AD6-B8EE-33E1806C18C0} = {F1E4F224-921F-3AD6-B8EE-33E1806C18C0}
		{0EE6B79C-5BEA-3BD7-82A3-90F9B8588D59} = {0EE6B79C-5BEA-3BD7-82A3-90F9B8588D59}
		{AECB280A-7D29-3BDE-A1BA-3EED3A465BCD} = {AECB280A-7D29-3BDE-A1BA-3EED3A465BCD}
		{AB5963D1-DBEE-3BC9-9C98-E30E3EBA9306} = {AB5963D1-DBEE-3BC9-9C98-E30E3EBA9306}
		{AF1D6F21-EDC8-3F33-9DC9-410B3D9ECF8A} = {AF1D6F21-EDC8-3F33-9DC9-410B3D9ECF8A}
		{3C685B16-39CB-3BF2-91F9-7C0BA0C9271C} = {3C685B16-39CB-3BF2-91F9-7C0BA0C9271C}
		{5228C44F-C2AB-359C-8C2E-41A69B13010A} = {5228C44F-C2AB-359C-8C2E-41A69B13010A}
	EndProjectSection
EndProject
Project("{8BC9CEB8-8B4A-11D0-8D11-00A0C91BC942}") = "cocos2d", "Lib\cocos2d.vcxproj", "{9265BF14-BDF3-3BD8-8E48-930CA4514D4E}"
	ProjectSection(ProjectDependencies) = postProject
		{3E8465D8-B453-3AD8-BB9A-5F77F98FE9B4} = {3E8465D8-B453-3AD8-BB9A-5F77F98FE9B4}
		{15AB003D-E70E-3091-A6A4-03D9EE8C7FF3} = {15AB003D-E70E-3091-A6A4-03D9EE8C7FF3}
		{F4857CAF-2887-390D-B1ED-A0964C33672B} = {F4857CAF-2887-390D-B1ED-A0964C33672B}
		{E92DC054-5CF0-3787-83EE-03EEE27A27DF} = {E92DC054-5CF0-3787-83EE-03EEE27A27DF}
		{F1E4F224-921F-3AD6-B8EE-33E1806C18C0} = {F1E4F224-921F-3AD6-B8EE-33E1806C18C0}
		{0EE6B79C-5BEA-3BD7-82A3-90F9B8588D59} = {0EE6B79C-5BEA-3BD7-82A3-90F9B8588D59}
		{AECB280A-7D29-3BDE-A1BA-3EED3A465BCD} = {AECB280A-7D29-3BDE-A1BA-3EED3A465BCD}
		{AB5963D1-DBEE-3BC9-9C98-E30E3EBA9306} = {AB5963D1-DBEE-3BC9-9C98-E30E3EBA9306}
		{AF1D6F21-EDC8-3F33-9DC9-410B3D9ECF8A} = {AF1D6F21-EDC8-3F33-9DC9-410B3D9ECF8A}
		{3C685B16-39CB-3BF2-91F9-7C0BA0C9271C} = {3C685B16-39CB-3BF2-91F9-7C0BA0C9271C}
		{5228C44F-C2AB-359C-8C2E-41A69B13010A} = {5228C44F-C2AB-359C-8C2E-41A69B13010A}
	EndProjectSection
EndProject
Project("{8BC9CEB8-8B4A-11D0-8D11-00A0C91BC942}") = "clipper", "Lib\clipper.vcxproj", "{3E8465D8-B453-3AD8-BB9A-5F77F98FE9B4}"
EndProject
Project("{8BC9CEB8-8B4A-11D0-8D11-00A0C91BC942}") = "convertUTF", "Lib\convertUTF.vcxproj", "{15AB003D-E70E-3091-A6A4-03D9EE8C7FF3}"
EndProject
Project("{8BC9CEB8-8B4A-11D0-8D11-00A0C91BC942}") = "edtaa3func", "Lib\edtaa3func.vcxproj", "{F4857CAF-2887-390D-B1ED-A0964C33672B}"
EndProject
Project("{8BC9CEB8-8B4A-11D0-8D11-00A0C91BC942}") = "md5", "Lib\md5.vcxproj", "{E92DC054-5CF0-3787-83EE-03EEE27A27DF}"
EndProject
Project("{8BC9CEB8-8B4A-11D0-8D11-00A0C91BC942}") = "poly2tri", "Lib\poly2tri.vcxproj", "{F1E4F224-921F-3AD6-B8EE-33E1806C18C0}"
EndProject
Project("{8BC9CEB8-8B4A-11D0-8D11-00A0C91BC942}") = "recast", "Lib\recast.vcxproj", "{0EE6B79C-5BEA-3BD7-82A3-90F9B8588D59}"
EndProject
Project("{8BC9CEB8-8B4A-11D0-8D11-00A0C91BC942}") = "tinyxml2", "Lib\tinyxml2.vcxproj", "{AECB280A-7D29-3BDE-A1BA-3EED3A465BCD}"
EndProject
Project("{8BC9CEB8-8B4A-11D0-8D11-00A0C91BC942}") = "unzip", "Lib\unzip.vcxproj", "{AB5963D1-DBEE-3BC9-9C98-E30E3EBA9306}"
EndProject
Project("{8BC9CEB8-8B4A-11D0-8D11-00A0C91BC942}") = "xxhash", "Lib\xxhash.vcxproj", "{AF1D6F21-EDC8-3F33-9DC9-410B3D9ECF8A}"
EndProject
Project("{8BC9CEB8-8B4A-11D0-8D11-00A0C91BC942}") = "xxtea", "Lib\xxtea.vcxproj", "{3C685B16-39CB-3BF2-91F9-7C0BA0C9271C}"
EndProject
Project("{8BC9CEB8-8B4A-11D0-8D11-00A0C91BC942}") = "external", "Lib\external.vcxproj", "{5228C44F-C2AB-359C-8C2E-41A69B13010A}"
	ProjectSection(ProjectDependencies) = postProject
		{3E8465D8-B453-3AD8-BB9A-5F77F98FE9B4} = {3E8465D8-B453-3AD8-BB9A-5F77F98FE9B4}
		{15AB003D-E70E-3091-A6A4-03D9EE8C7FF3} = {15AB003D-E70E-3091-A6A4-03D9EE8C7FF3}
		{F4857CAF-2887-390D-B1ED-A0964C33672B} = {F4857CAF-2887-390D-B1ED-A0964C33672B}
		{E92DC054-5CF0-3787-83EE-03EEE27A27DF} = {E92DC054-5CF0-3787-83EE-03EEE27A27DF}
		{F1E4F224-921F-3AD6-B8EE-33E1806C18C0} = {F1E4F224-921F-3AD6-B8EE-33E1806C18C0}
		{0EE6B79C-5BEA-3BD7-82A3-90F9B8588D59} = {0EE6B79C-5BEA-3BD7-82A3-90F9B8588D59}
		{AECB280A-7D29-3BDE-A1BA-3EED3A465BCD} = {AECB280A-7D29-3BDE-A1BA-3EED3A465BCD}
		{AB5963D1-DBEE-3BC9-9C98-E30E3EBA9306} = {AB5963D1-DBEE-3BC9-9C98-E30E3EBA9306}
		{AF1D6F21-EDC8-3F33-9DC9-410B3D9ECF8A} = {AF1D6F21-EDC8-3F33-9DC9-410B3D9ECF8A}
		{3C685B16-39CB-3BF2-91F9-7C0BA0C9271C} = {3C685B16-39CB-3BF2-91F9-7C0BA0C9271C}
	EndProjectSection
EndProject
Global
	GlobalSection(SolutionConfigurationPlatforms) = preSolution
		Debug|Win32 = Debug|Win32
	EndGlobalSection
	GlobalSection(ProjectConfigurationPlatforms) = postSolution
		{6DBE654B-C7FC-3135-BF57-CFAD19821C25}.Debug|Win32.ActiveCfg = Debug|Win32
		{6DBE654B-C7FC-3135-BF57-CFAD19821C25}.Debug|Win32.Build.0 = Debug|Win32
		{9265BF14-BDF3-3BD8-8E48-930CA4514D4E}.Debug|Win32.ActiveCfg = Debug|Win32
		{9265BF14-BDF3-3BD8-8E48-930CA4514D4E}.Debug|Win32.Build.0 = Debug|Win32
		{3E8465D8-B453-3AD8-BB9A-5F77F98FE9B4}.Debug|Win32.ActiveCfg = Debug|Win32
		{3E8465D8-B453-3AD8-BB9A-5F77F98FE9B4}.Debug|Win32.Build.0 = Debug|Win32
		{15AB003D-E70E-3091-A6A4-03D9EE8C7FF3}.Debug|Win32.ActiveCfg = Debug|Win32
		{15AB003D-E70E-3091-A6A4-03D9EE8C7FF3}.Debug|Win32.Build.0 = Debug|Win32
		{F4857CAF-2887-390D-B1ED-A0964C33672B}.Debug|Win32.ActiveCfg = Debug|Win32
		{F4857CAF-2887-390D-B1ED-A0964C33672B}.Debug|Win32.Build.0 = Debug|Win32
		{E92DC054-5CF0-3787-83EE-03EEE27A27DF}.Debug|Win32.ActiveCfg = Debug|Win32
		{E92DC054-5CF0-3787-83EE-03EEE27A27DF}.Debug|Win32.Build.0 = Debug|Win32
		{F1E4F224-921F-3AD6-B8EE-33E1806C18C0}.Debug|Win32.ActiveCfg = Debug|Win32
		{F1E4F224-921F-3AD6-B8EE-33E1806C18C0}.Debug|Win32.Build.0 = Debug|Win32
		{0EE6B79C-5BEA-3BD7-82A3-90F9B8588D59}.Debug|Win32.ActiveCfg = Debug|Win32
		{0EE6B79C-5BEA-3BD7-82A3-90F9B8588D59}.Debug|Win32.Build.0 = Debug|Win32
		{AECB280A-7D29-3BDE-A1BA-3EED3A465BCD}.Debug|Win32.ActiveCfg = Debug|Win32
		{AECB280A-7D29-3BDE-A1BA-3EED3A465BCD}.Debug|Win32.Build.0 = Debug|Win32
		{AB5963D1-DBEE-3BC9-9C98-E30E3EBA9306}.Debug|Win32.ActiveCfg = Debug|Win32
		{AB5963D1-DBEE-3BC9-9C98-E30E3EBA9306}.Debug|Win32.Build.0 = Debug|Win32
		{AF1D6F21-EDC8-3F33-9DC9-410B3D9ECF8A}.Debug|Win32.ActiveCfg = Debug|Win32
		{AF1D6F21-EDC8-3F33-9DC9-410B3D9ECF8A}.Debug|Win32.Build.0 = Debug|Win32
		{3C685B16-39CB-3BF2-91F9-7C0BA0C9271C}.Debug|Win32.ActiveCfg = Debug|Win32
		{3C685B16-39CB-3BF2-91F9-7C0BA0C9271C}.Debug|Win32.Build.0 = Debug|Win32
		{5228C44F-C2AB-359C-8C2E-41A69B13010A}.Debug|Win32.ActiveCfg = Debug|Win32
		{5228C44F-C2AB-359C-8C2E-41A69B13010A}.Debug|Win32.Build.0 = Debug|Win32
	EndGlobalSection
	GlobalSection(SolutionProperties) = preSolution
		HideSolutionNode = FALSE
	EndGlobalSection
	GlobalSection(NestedProjects) = preSolution
		{9265BF14-BDF3-3BD8-8E48-930CA4514D4E} = {6E03EB93-DB62-3C6F-95B0-79F24ACFB340}
		{3E8465D8-B453-3AD8-BB9A-5F77F98FE9B4} = {6E03EB93-DB62-3C6F-95B0-79F24ACFB340}
		{15AB003D-E70E-3091-A6A4-03D9EE8C7FF3} = {6E03EB93-DB62-3C6F-95B0-79F24ACFB340}
		{F4857CAF-2887-390D-B1ED-A0964C33672B} = {6E03EB93-DB62-3C6F-95B0-79F24ACFB340}
		{E92DC054-5CF0-3787-83EE-03EEE27A27DF} = {6E03EB93-DB62-3C6F-95B0-79F24ACFB340}
		{F1E4F224-921F-3AD6-B8EE-33E1806C18C0} = {6E03EB93-DB62-3C6F-95B0-79F24ACFB340}
		{0EE6B79C-5BEA-3BD7-82A3-90F9B8588D59} = {6E03EB93-DB62-3C6F-95B0-79F24ACFB340}
		{AECB280A-7D29-3BDE-A1BA-3EED3A465BCD} = {6E03EB93-DB62-3C6F-95B0-79F24ACFB340}
		{AB5963D1-DBEE-3BC9-9C98-E30E3EBA9306} = {6E03EB93-DB62-3C6F-95B0-79F24ACFB340}
		{AF1D6F21-EDC8-3F33-9DC9-410B3D9ECF8A} = {6E03EB93-DB62-3C6F-95B0-79F24ACFB340}
		{3C685B16-39CB-3BF2-91F9-7C0BA0C9271C} = {6E03EB93-DB62-3C6F-95B0-79F24ACFB340}
		{5228C44F-C2AB-359C-8C2E-41A69B13010A} = {6E03EB93-DB62-3C6F-95B0-79F24ACFB340}
	EndGlobalSection
	GlobalSection(ExtensibilityGlobals) = postSolution
		SolutionGuid = {141767DE-0E87-3F13-922C-C0107E1E592D}
	EndGlobalSection
EndGlobal
